github.com/gopacket/gopacket v1.6.0 h1:+DdqJ4EE1C4Jx2VMDUcKvsTGc4qki2LSs0ws51RgU3Y=
github.com/gopacket/gopacket v1.6.0/go.mod h1:i3NaGaqfoWKAr1+g7qxEdWsmfT+MXuWkAe9+THv8LME=
golang.org/x/sys v0.45.0 h1:dO4czNzziLiiXplLQgBCEpCvXQ3dnkn0SdaZSYdQ+FY=
golang.org/x/sys v0.45.0/go.mod h1:4GL1E5IUh+htKOUEOaiffhrAeqysfVGipDYzABqnCmw=
